<?xml version="1.0" encoding="utf-8"?>
<Project ToolsVersion="4.0" xmlns="http://schemas.microsoft.com/developer/msbuild/2003">
  <ItemGroup>
    <Filter Include="Source Files">
      <UniqueIdentifier>{4FC737F1-C7A5-4376-A066-2A32D752A2FF}</UniqueIdentifier>
      <Extensions>cpp;c;cxx;def;odl;idl;hpj;bat;asm;asmx</Extensions>
    </Filter>
    <Filter Include="Header Files">
      <UniqueIdentifier>{93995380-89BD-4b04-88EB-625FBE52EBFB}</UniqueIdentifier>
      <Extensions>h;hpp;hxx;hm;inl;inc;xsd</Extensions>
    </Filter>
    <Filter Include="Resource Files">
      <UniqueIdentifier>{67DA6AB6-F800-4c08-8B7A-83BB121AAD01}</UniqueIdentifier>
      <Extensions>rc;ico;cur;bmp;dlg;rc2;rct;bin;rgs;gif;jpg;jpeg;jpe;resx</Extensions>
    </Filter>
    <Filter Include="Text Files">
      <UniqueIdentifier>{4cca005c-8c77-4d11-9726-9541229251f7}</UniqueIdentifier>
    </Filter>
  </ItemGroup>
  <ItemGroup>
    <ClCompile Include="src\Animacio.cpp">
      <Filter>Source Files</Filter>
    </ClCompile>
    <ClCompile Include="src\CalculadoraPuntsSuport.cpp">
      <Filter>Source Files</Filter>
    </ClCompile>
    <ClCompile Include="src\Entitat.cpp">
      <Filter>Source Files</Filter>
    </ClCompile>
    <ClCompile Include="src\Entitatmobil.cpp">
      <Filter>Source Files</Filter>
    </ClCompile>
    <ClCompile Include="src\EntitatsGestor.cpp">
      <Filter>Source Files</Filter>
    </ClCompile>
    <ClCompile Include="src\Equip.cpp">
      <Filter>Source Files</Filter>
    </ClCompile>
    <ClCompile Include="src\EquipEstats.cpp">
      <Filter>Source Files</Filter>
    </ClCompile>
    <ClCompile Include="src\FrameCounter.cpp">
      <Filter>Source Files</Filter>
    </ClCompile>
    <ClCompile Include="src\Frames.cpp">
      <Filter>Source Files</Filter>
    </ClCompile>
    <ClCompile Include="src\gol.cpp">
      <Filter>Source Files</Filter>
    </ClCompile>
    <ClCompile Include="src\Joc.cpp">
      <Filter>Source Files</Filter>
    </ClCompile>
    <ClCompile Include="src\Jugador.cpp">
      <Filter>Source Files</Filter>
    </ClCompile>
    <ClCompile Include="src\Jugadorbase.cpp">
      <Filter>Source Files</Filter>
    </ClCompile>
    <ClCompile Include="src\JugadorEstats.cpp">
      <Filter>Source Files</Filter>
    </ClCompile>
    <ClCompile Include="src\LUAManager.cpp">
      <Filter>Source Files</Filter>
    </ClCompile>
    <ClCompile Include="src\Marcador.cpp">
      <Filter>Source Files</Filter>
    </ClCompile>
    <ClCompile Include="src\missatger.cpp">
      <Filter>Source Files</Filter>
    </ClCompile>
    <ClCompile Include="src\Pantalla.cpp">
      <Filter>Source Files</Filter>
    </ClCompile>
    <ClCompile Include="src\Pilota.cpp">
      <Filter>Source Files</Filter>
    </ClCompile>
    <ClCompile Include="src\Porter.cpp">
      <Filter>Source Files</Filter>
    </ClCompile>
    <ClCompile Include="src\PorterEstats.cpp">
      <Filter>Source Files</Filter>
    </ClCompile>
    <ClCompile Include="src\Porteria.cpp">
      <Filter>Source Files</Filter>
    </ClCompile>
    <ClCompile Include="src\Regio.cpp">
      <Filter>Source Files</Filter>
    </ClCompile>
    <ClCompile Include="src\Renderator.cpp">
      <Filter>Source Files</Filter>
    </ClCompile>
    <ClCompile Include="src\steeringbehaviors.cpp">
      <Filter>Source Files</Filter>
    </ClCompile>
  </ItemGroup>
  <ItemGroup>
    <ClInclude Include="src\Animacio.h">
      <Filter>Header Files</Filter>
    </ClInclude>
    <ClInclude Include="src\Autolist.h">
      <Filter>Header Files</Filter>
    </ClInclude>
    <ClInclude Include="src\C2DMatrix.h">
      <Filter>Header Files</Filter>
    </ClInclude>
    <ClInclude Include="src\CalculadoraPuntsSuport.h">
      <Filter>Header Files</Filter>
    </ClInclude>
    <ClInclude Include="src\constants.h">
      <Filter>Header Files</Filter>
    </ClInclude>
    <ClInclude Include="src\Entitat.h">
      <Filter>Header Files</Filter>
    </ClInclude>
    <ClInclude Include="src\Entitatmobil.h">
      <Filter>Header Files</Filter>
    </ClInclude>
    <ClInclude Include="src\EntitatsGestor.h">
      <Filter>Header Files</Filter>
    </ClInclude>
    <ClInclude Include="src\Equip.h">
      <Filter>Header Files</Filter>
    </ClInclude>
    <ClInclude Include="src\EquipEstats.h">
      <Filter>Header Files</Filter>
    </ClInclude>
    <ClInclude Include="src\estat.h">
      <Filter>Header Files</Filter>
    </ClInclude>
    <ClInclude Include="src\FrameCounter.h">
      <Filter>Header Files</Filter>
    </ClInclude>
    <ClInclude Include="src\Frames.h">
      <Filter>Header Files</Filter>
    </ClInclude>
    <ClInclude Include="src\general.h">
      <Filter>Header Files</Filter>
    </ClInclude>
    <ClInclude Include="src\Joc.h">
      <Filter>Header Files</Filter>
    </ClInclude>
    <ClInclude Include="src\Jugador.h">
      <Filter>Header Files</Filter>
    </ClInclude>
    <ClInclude Include="src\Jugadorbase.h">
      <Filter>Header Files</Filter>
    </ClInclude>
    <ClInclude Include="src\JugadorEstats.h">
      <Filter>Header Files</Filter>
    </ClInclude>
    <ClInclude Include="src\JugadorMissatges.h">
      <Filter>Header Files</Filter>
    </ClInclude>
    <ClInclude Include="src\LUAManager.h">
      <Filter>Header Files</Filter>
    </ClInclude>
    <ClInclude Include="src\maquinaestats.h">
      <Filter>Header Files</Filter>
    </ClInclude>
    <ClInclude Include="src\Marcador.h">
      <Filter>Header Files</Filter>
    </ClInclude>
    <ClInclude Include="src\Missatge.h">
      <Filter>Header Files</Filter>
    </ClInclude>
    <ClInclude Include="src\missatger.h">
      <Filter>Header Files</Filter>
    </ClInclude>
    <ClInclude Include="src\Pantalla.h">
      <Filter>Header Files</Filter>
    </ClInclude>
    <ClInclude Include="src\Pilota.h">
      <Filter>Header Files</Filter>
    </ClInclude>
    <ClInclude Include="src\Porter.h">
      <Filter>Header Files</Filter>
    </ClInclude>
    <ClInclude Include="src\PorterEstats.h">
      <Filter>Header Files</Filter>
    </ClInclude>
    <ClInclude Include="src\Porteria.h">
      <Filter>Header Files</Filter>
    </ClInclude>
    <ClInclude Include="src\punt3.h">
      <Filter>Header Files</Filter>
    </ClInclude>
    <ClInclude Include="src\Regio.h">
      <Filter>Header Files</Filter>
    </ClInclude>
    <ClInclude Include="src\Regulator.h">
      <Filter>Header Files</Filter>
    </ClInclude>
    <ClInclude Include="src\Renderator.h">
      <Filter>Header Files</Filter>
    </ClInclude>
    <ClInclude Include="resource.h">
      <Filter>Header Files</Filter>
    </ClInclude>
    <ClInclude Include="src\Sprite.h">
      <Filter>Header Files</Filter>
    </ClInclude>
    <ClInclude Include="src\steeringbehaviors.h">
      <Filter>Header Files</Filter>
    </ClInclude>
  </ItemGroup>
  <ItemGroup>
    <ResourceCompile Include="Gol.rc">
      <Filter>Resource Files</Filter>
    </ResourceCompile>
  </ItemGroup>
  <ItemGroup>
    <Image Include="icon1.ico">
      <Filter>Resource Files</Filter>
    </Image>
    <Image Include="soccer.ico">
      <Filter>Resource Files</Filter>
    </Image>
  </ItemGroup>
  <ItemGroup>
    <None Include="camp.lua">
      <Filter>Text Files</Filter>
    </None>
    <None Include="ChangeLog">
      <Filter>Text Files</Filter>
    </None>
    <None Include="equip-blau.lua">
      <Filter>Text Files</Filter>
    </None>
    <None Include="equip-groc.lua">
      <Filter>Text Files</Filter>
    </None>
    <None Include="general.lua">
      <Filter>Text Files</Filter>
    </None>
  </ItemGroup>
</Project>